
Microsoft Visual Studio Solution File, Format Version 12.00
# Visual Studio Version 16
VisualStudioVersion = 16.0.29209.62
MinimumVisualStudioVersion = 10.0.40219.1
Project("{FAE04EC0-301F-11D3-BF4B-00C04F79EFBC}") = "Practica3.Android", "Practica3\Practica3.Android\Practica3.Android.csproj", "{6ADBFF37-C4BF-4D34-839E-EE0ED5B00135}"
EndProject
Project("{FAE04EC0-301F-11D3-BF4B-00C04F79EFBC}") = "Practica3.iOS", "Practica3\Practica3.iOS\Practica3.iOS.csproj", "{0F791B1C-0945-47CB-B012-9053CFBF74DE}"
EndProject
Project("{FAE04EC0-301F-11D3-BF4B-00C04F79EFBC}") = "Practica3", "Practica3\Practica3\Practica3.csproj", "{36CBE3FF-0CBC-4E8F-94AE-57AF1E2D8DD7}"
EndProject
Global
	GlobalSection(SolutionConfigurationPlatforms) = preSolution
		Debug|Any CPU = Debug|Any CPU
		Debug|iPhone = Debug|iPhone
		Debug|iPhoneSimulator = Debug|iPhoneSimulator
		Release|Any CPU = Release|Any CPU
		Release|iPhone = Release|iPhone
		Release|iPhoneSimulator = Release|iPhoneSimulator
	EndGlobalSection
	GlobalSection(ProjectConfigurationPlatforms) = postSolution
		{6ADBFF37-C4BF-4D34-839E-EE0ED5B00135}.Debug|Any CPU.ActiveCfg = Debug|Any CPU
		{6ADBFF37-C4BF-4D34-839E-EE0ED5B00135}.Debug|Any CPU.Build.0 = Debug|Any CPU
		{6ADBFF37-C4BF-4D34-839E-EE0ED5B00135}.Debug|Any CPU.Deploy.0 = Debug|Any CPU
		{6ADBFF37-C4BF-4D34-839E-EE0ED5B00135}.Debug|iPhone.ActiveCfg = Debug|Any CPU
		{6ADBFF37-C4BF-4D34-839E-EE0ED5B00135}.Debug|iPhone.Build.0 = Debug|Any CPU
		{6ADBFF37-C4BF-4D34-839E-EE0ED5B00135}.Debug|iPhone.Deploy.0 = Debug|Any CPU
		{6ADBFF37-C4BF-4D34-839E-EE0ED5B00135}.Debug|iPhoneSimulator.ActiveCfg = Debug|Any CPU
		{6ADBFF37-C4BF-4D34-839E-EE0ED5B00135}.Debug|iPhoneSimulator.Build.0 = Debug|Any CPU
		{6ADBFF37-C4BF-4D34-839E-EE0ED5B00135}.Debug|iPhoneSimulator.Deploy.0 = Debug|Any CPU
		{6ADBFF37-C4BF-4D34-839E-EE0ED5B00135}.Release|Any CPU.ActiveCfg = Release|Any CPU
		{6ADBFF37-C4BF-4D34-839E-EE0ED5B00135}.Release|Any CPU.Build.0 = Release|Any CPU
		{6ADBFF37-C4BF-4D34-839E-EE0ED5B00135}.Release|Any CPU.Deploy.0 = Release|Any CPU
		{6ADBFF37-C4BF-4D34-839E-EE0ED5B00135}.Release|iPhone.ActiveCfg = Release|Any CPU
		{6ADBFF37-C4BF-4D34-839E-EE0ED5B00135}.Release|iPhone.Build.0 = Release|Any CPU
		{6ADBFF37-C4BF-4D34-839E-EE0ED5B00135}.Release|iPhone.Deploy.0 = Release|Any CPU
		{6ADBFF37-C4BF-4D34-839E-EE0ED5B00135}.Release|iPhoneSimulator.ActiveCfg = Release|Any CPU
		{6ADBFF37-C4BF-4D34-839E-EE0ED5B00135}.Release|iPhoneSimulator.Build.0 = Release|Any CPU
		{6ADBFF37-C4BF-4D34-839E-EE0ED5B00135}.Release|iPhoneSimulator.Deploy.0 = Release|Any CPU
		{0F791B1C-0945-47CB-B012-9053CFBF74DE}.Debug|Any CPU.ActiveCfg = Debug|iPhoneSimulator
		{0F791B1C-0945-47CB-B012-9053CFBF74DE}.Debug|Any CPU.Build.0 = Debug|iPhoneSimulator
		{0F791B1C-0945-47CB-B012-9053CFBF74DE}.Debug|Any CPU.Deploy.0 = Debug|iPhoneSimulator
		{0F791B1C-0945-47CB-B012-9053CFBF74DE}.Debug|iPhone.ActiveCfg = Debug|iPhone
		{0F791B1C-0945-47CB-B012-9053CFBF74DE}.Debug|iPhone.Build.0 = Debug|iPhone
		{0F791B1C-0945-47CB-B012-9053CFBF74DE}.Debug|iPhone.Deploy.0 = Debug|iPhone
		{0F791B1C-0945-47CB-B012-9053CFBF74DE}.Debug|iPhoneSimulator.ActiveCfg = Debug|iPhoneSimulator
		{0F791B1C-0945-47CB-B012-9053CFBF74DE}.Debug|iPhoneSimulator.Build.0 = Debug|iPhoneSimulator
		{0F791B1C-0945-47CB-B012-9053CFBF74DE}.Debug|iPhoneSimulator.Deploy.0 = Debug|iPhoneSimulator
		{0F791B1C-0945-47CB-B012-9053CFBF74DE}.Release|Any CPU.ActiveCfg = Release|iPhone
		{0F791B1C-0945-47CB-B012-9053CFBF74DE}.Release|Any CPU.Build.0 = Release|iPhone
		{0F791B1C-0945-47CB-B012-9053CFBF74DE}.Release|Any CPU.Deploy.0 = Release|iPhone
		{0F791B1C-0945-47CB-B012-9053CFBF74DE}.Release|iPhone.ActiveCfg = Release|iPhone
		{0F791B1C-0945-47CB-B012-9053CFBF74DE}.Release|iPhone.Build.0 = Release|iPhone
		{0F791B1C-0945-47CB-B012-9053CFBF74DE}.Release|iPhone.Deploy.0 = Release|iPhone
		{0F791B1C-0945-47CB-B012-9053CFBF74DE}.Release|iPhoneSimulator.ActiveCfg = Release|iPhoneSimulator
		{0F791B1C-0945-47CB-B012-9053CFBF74DE}.Release|iPhoneSimulator.Build.0 = Release|iPhoneSimulator
		{0F791B1C-0945-47CB-B012-9053CFBF74DE}.Release|iPhoneSimulator.Deploy.0 = Release|iPhoneSimulator
		{36CBE3FF-0CBC-4E8F-94AE-57AF1E2D8DD7}.Debug|Any CPU.ActiveCfg = Debug|Any CPU
		{36CBE3FF-0CBC-4E8F-94AE-57AF1E2D8DD7}.Debug|Any CPU.Build.0 = Debug|Any CPU
		{36CBE3FF-0CBC-4E8F-94AE-57AF1E2D8DD7}.Debug|Any CPU.Deploy.0 = Debug|Any CPU
		{36CBE3FF-0CBC-4E8F-94AE-57AF1E2D8DD7}.Debug|iPhone.ActiveCfg = Debug|Any CPU
		{36CBE3FF-0CBC-4E8F-94AE-57AF1E2D8DD7}.Debug|iPhone.Build.0 = Debug|Any CPU
		{36CBE3FF-0CBC-4E8F-94AE-57AF1E2D8DD7}.Debug|iPhone.Deploy.0 = Debug|Any CPU
		{36CBE3FF-0CBC-4E8F-94AE-57AF1E2D8DD7}.Debug|iPhoneSimulator.ActiveCfg = Debug|Any CPU
		{36CBE3FF-0CBC-4E8F-94AE-57AF1E2D8DD7}.Debug|iPhoneSimulator.Build.0 = Debug|Any CPU
		{36CBE3FF-0CBC-4E8F-94AE-57AF1E2D8DD7}.Debug|iPhoneSimulator.Deploy.0 = Debug|Any CPU
		{36CBE3FF-0CBC-4E8F-94AE-57AF1E2D8DD7}.Release|Any CPU.ActiveCfg = Release|Any CPU
		{36CBE3FF-0CBC-4E8F-94AE-57AF1E2D8DD7}.Release|Any CPU.Build.0 = Release|Any CPU
		{36CBE3FF-0CBC-4E8F-94AE-57AF1E2D8DD7}.Release|Any CPU.Deploy.0 = Release|Any CPU
		{36CBE3FF-0CBC-4E8F-94AE-57AF1E2D8DD7}.Release|iPhone.ActiveCfg = Release|Any CPU
		{36CBE3FF-0CBC-4E8F-94AE-57AF1E2D8DD7}.Release|iPhone.Build.0 = Release|Any CPU
		{36CBE3FF-0CBC-4E8F-94AE-57AF1E2D8DD7}.Release|iPhone.Deploy.0 = Release|Any CPU
		{36CBE3FF-0CBC-4E8F-94AE-57AF1E2D8DD7}.Release|iPhoneSimulator.ActiveCfg = Release|Any CPU
		{36CBE3FF-0CBC-4E8F-94AE-57AF1E2D8DD7}.Release|iPhoneSimulator.Build.0 = Release|Any CPU
		{36CBE3FF-0CBC-4E8F-94AE-57AF1E2D8DD7}.Release|iPhoneSimulator.Deploy.0 = Release|Any CPU
	EndGlobalSection
	GlobalSection(SolutionProperties) = preSolution
		HideSolutionNode = FALSE
	EndGlobalSection
	GlobalSection(ExtensibilityGlobals) = postSolution
		SolutionGuid = {546D9DA4-845A-4F24-A808-8D95D183E0B2}
	EndGlobalSection
EndGlobal
